// !$*UTF8*$!
{
	archiveVersion = 1;
	classes = {
	};
	objectVersion = 46;
	objects = {

/* Begin PBXBuildFile section */
		553A750F1EE1166D0065D744 /* AppDelegate.swift in Sources */ = {isa = PBXBuildFile; fileRef = 553A750E1EE1166D0065D744 /* AppDelegate.swift */; };
		553A75111EE1166D0065D744 /* MainVC.swift in Sources */ = {isa = PBXBuildFile; fileRef = 553A75101EE1166D0065D744 /* MainVC.swift */; };
		553A75141EE1166D0065D744 /* Main.storyboard in Resources */ = {isa = PBXBuildFile; fileRef = 553A75121EE1166D0065D744 /* Main.storyboard */; };
		553A75171EE1166D0065D744 /* DreamLister.xcdatamodeld in Sources */ = {isa = PBXBuildFile; fileRef = 553A75151EE1166D0065D744 /* DreamLister.xcdatamodeld */; };
		553A75191EE1166D0065D744 /* Assets.xcassets in Resources */ = {isa = PBXBuildFile; fileRef = 553A75181EE1166D0065D744 /* Assets.xcassets */; };
		553A751C1EE1166D0065D744 /* LaunchScreen.storyboard in Resources */ = {isa = PBXBuildFile; fileRef = 553A751A1EE1166D0065D744 /* LaunchScreen.storyboard */; };
		553A753B1EE11C680065D744 /* ItemType+CoreDataClass.swift in Sources */ = {isa = PBXBuildFile; fileRef = 553A75331EE11C680065D744 /* ItemType+CoreDataClass.swift */; };
		553A753C1EE11C680065D744 /* ItemType+CoreDataProperties.swift in Sources */ = {isa = PBXBuildFile; fileRef = 553A75341EE11C680065D744 /* ItemType+CoreDataProperties.swift */; };
		553A753D1EE11C680065D744 /* Image+CoreDataClass.swift in Sources */ = {isa = PBXBuildFile; fileRef = 553A75351EE11C680065D744 /* Image+CoreDataClass.swift */; };
		553A753E1EE11C680065D744 /* Image+CoreDataProperties.swift in Sources */ = {isa = PBXBuildFile; fileRef = 553A75361EE11C680065D744 /* Image+CoreDataProperties.swift */; };
		553A753F1EE11C680065D744 /* Store+CoreDataClass.swift in Sources */ = {isa = PBXBuildFile; fileRef = 553A75371EE11C680065D744 /* Store+CoreDataClass.swift */; };
		553A75401EE11C680065D744 /* Store+CoreDataProperties.swift in Sources */ = {isa = PBXBuildFile; fileRef = 553A75381EE11C680065D744 /* Store+CoreDataProperties.swift */; };
		553A75411EE11C680065D744 /* Item+CoreDataClass.swift in Sources */ = {isa = PBXBuildFile; fileRef = 553A75391EE11C680065D744 /* Item+CoreDataClass.swift */; };
		553A75421EE11C680065D744 /* Item+CoreDataProperties.swift in Sources */ = {isa = PBXBuildFile; fileRef = 553A753A1EE11C680065D744 /* Item+CoreDataProperties.swift */; };
		553A75471EE344870065D744 /* MaterialView.swift in Sources */ = {isa = PBXBuildFile; fileRef = 553A75461EE344870065D744 /* MaterialView.swift */; };
/* End PBXBuildFile section */

/* Begin PBXFileReference section */
		553A750B1EE1166D0065D744 /* DreamLister.app */ = {isa = PBXFileReference; explicitFileType = wrapper.application; includeInIndex = 0; path = DreamLister.app; sourceTree = BUILT_PRODUCTS_DIR; };
		553A750E1EE1166D0065D744 /* AppDelegate.swift */ = {isa = PBXFileReference; lastKnownFileType = sourcecode.swift; path = AppDelegate.swift; sourceTree = "<group>"; };
		553A75101EE1166D0065D744 /* MainVC.swift */ = {isa = PBXFileReference; lastKnownFileType = sourcecode.swift; path = MainVC.swift; sourceTree = "<group>"; };
		553A75131EE1166D0065D744 /* Base */ = {isa = PBXFileReference; lastKnownFileType = file.storyboard; name = Base; path = Base.lproj/Main.storyboard; sourceTree = "<group>"; };
		553A75161EE1166D0065D744 /* DreamLister.xcdatamodel */ = {isa = PBXFileReference; lastKnownFileType = wrapper.xcdatamodel; path = DreamLister.xcdatamodel; sourceTree = "<group>"; };
		553A75181EE1166D0065D744 /* Assets.xcassets */ = {isa = PBXFileReference; lastKnownFileType = folder.assetcatalog; path = Assets.xcassets; sourceTree = "<group>"; };
		553A751B1EE1166D0065D744 /* Base */ = {isa = PBXFileReference; lastKnownFileType = file.storyboard; name = Base; path = Base.lproj/LaunchScreen.storyboard; sourceTree = "<group>"; };
		553A751D1EE1166D0065D744 /* Info.plist */ = {isa = PBXFileReference; lastKnownFileType = text.plist.xml; path = Info.plist; sourceTree = "<group>"; };
		553A75331EE11C680065D744 /* ItemType+CoreDataClass.swift */ = {isa = PBXFileReference; fileEncoding = 4; lastKnownFileType = sourcecode.swift; path = "ItemType+CoreDataClass.swift"; sourceTree = "<group>"; };
		553A75341EE11C680065D744 /* ItemType+CoreDataProperties.swift */ = {isa = PBXFileReference; fileEncoding = 4; lastKnownFileType = sourcecode.swift; path = "ItemType+CoreDataProperties.swift"; sourceTree = "<group>"; };
		553A75351EE11C680065D744 /* Image+CoreDataClass.swift */ = {isa = PBXFileReference; fileEncoding = 4; lastKnownFileType = sourcecode.swift; path = "Image+CoreDataClass.swift"; sourceTree = "<group>"; };
		553A75361EE11C680065D744 /* Image+CoreDataProperties.swift */ = {isa = PBXFileReference; fileEncoding = 4; lastKnownFileType = sourcecode.swift; path = "Image+CoreDataProperties.swift"; sourceTree = "<group>"; };
		553A75371EE11C680065D744 /* Store+CoreDataClass.swift */ = {isa = PBXFileReference; fileEncoding = 4; lastKnownFileType = sourcecode.swift; path = "Store+CoreDataClass.swift"; sourceTree = "<group>"; };
		553A75381EE11C680065D744 /* Store+CoreDataProperties.swift */ = {isa = PBXFileReference; fileEncoding = 4; lastKnownFileType = sourcecode.swift; path = "Store+CoreDataProperties.swift"; sourceTree = "<group>"; };
		553A75391EE11C680065D744 /* Item+CoreDataClass.swift */ = {isa = PBXFileReference; fileEncoding = 4; lastKnownFileType = sourcecode.swift; path = "Item+CoreDataClass.swift"; sourceTree = "<group>"; };
		553A753A1EE11C680065D744 /* Item+CoreDataProperties.swift */ = {isa = PBXFileReference; fileEncoding = 4; lastKnownFileType = sourcecode.swift; path = "Item+CoreDataProperties.swift"; sourceTree = "<group>"; };
		553A75461EE344870065D744 /* MaterialView.swift */ = {isa = PBXFileReference; fileEncoding = 4; lastKnownFileType = sourcecode.swift; path = MaterialView.swift; sourceTree = "<group>"; };
/* End PBXFileReference section */

/* Begin PBXFrameworksBuildPhase section */
		553A75081EE1166D0065D744 /* Frameworks */ = {
			isa = PBXFrameworksBuildPhase;
			buildActionMask = 2147483647;
			files = (
			);
			runOnlyForDeploymentPostprocessing = 0;
		};
/* End PBXFrameworksBuildPhase section */

/* Begin PBXGroup section */
		553A75021EE1166D0065D744 = {
			isa = PBXGroup;
			children = (
				553A750D1EE1166D0065D744 /* DreamLister */,
				553A750C1EE1166D0065D744 /* Products */,
			);
			sourceTree = "<group>";
		};
		553A750C1EE1166D0065D744 /* Products */ = {
			isa = PBXGroup;
			children = (
				553A750B1EE1166D0065D744 /* DreamLister.app */,
			);
			name = Products;
			sourceTree = "<group>";
		};
		553A750D1EE1166D0065D744 /* DreamLister */ = {
			isa = PBXGroup;
			children = (
				553A75451EE344600065D744 /* View */,
				553A75431EE11C850065D744 /* Model */,
				553A750E1EE1166D0065D744 /* AppDelegate.swift */,
				553A75101EE1166D0065D744 /* MainVC.swift */,
				553A75121EE1166D0065D744 /* Main.storyboard */,
				553A75181EE1166D0065D744 /* Assets.xcassets */,
				553A751A1EE1166D0065D744 /* LaunchScreen.storyboard */,
				553A751D1EE1166D0065D744 /* Info.plist */,
				553A75151EE1166D0065D744 /* DreamLister.xcdatamodeld */,
			);
			path = DreamLister;
			sourceTree = "<group>";
		};
		553A75431EE11C850065D744 /* Model */ = {
			isa = PBXGroup;
			children = (
				553A75351EE11C680065D744 /* Image+CoreDataClass.swift */,
				553A75391EE11C680065D744 /* Item+CoreDataClass.swift */,
				553A75331EE11C680065D744 /* ItemType+CoreDataClass.swift */,
				553A75371EE11C680065D744 /* Store+CoreDataClass.swift */,
				553A75441EE11C8A0065D744 /* Generated */,
			);
			name = Model;
			sourceTree = "<group>";
		};
		553A75441EE11C8A0065D744 /* Generated */ = {
			isa = PBXGroup;
			children = (
				553A75361EE11C680065D744 /* Image+CoreDataProperties.swift */,
				553A753A1EE11C680065D744 /* Item+CoreDataProperties.swift */,
				553A75341EE11C680065D744 /* ItemType+CoreDataProperties.swift */,
				553A75381EE11C680065D744 /* Store+CoreDataProperties.swift */,
			);
			name = Generated;
			sourceTree = "<group>";
		};
		553A75451EE344600065D744 /* View */ = {
			isa = PBXGroup;
			children = (
				553A75461EE344870065D744 /* MaterialView.swift */,
			);
			name = View;
			sourceTree = "<group>";
		};
/* End PBXGroup section */

/* Begin PBXNativeTarget section */
		553A750A1EE1166D0065D744 /* DreamLister */ = {
			isa = PBXNativeTarget;
			buildConfigurationList = 553A75201EE1166D0065D744 /* Build configuration list for PBXNativeTarget "DreamLister" */;
			buildPhases = (
				553A75071EE1166D0065D744 /* Sources */,
				553A75081EE1166D0065D744 /* Frameworks */,
				553A75091EE1166D0065D744 /* Resources */,
			);
			buildRules = (
			);
			dependencies = (
			);
			name = DreamLister;
			productName = DreamLister;
			productReference = 553A750B1EE1166D0065D744 /* DreamLister.app */;
			productType = "com.apple.product-type.application";
		};
/* End PBXNativeTarget section */

/* Begin PBXProject section */
		553A75031EE1166D0065D744 /* Project object */ = {
			isa = PBXProject;
			attributes = {
				LastSwiftUpdateCheck = 0830;
				LastUpgradeCheck = 0830;
				ORGANIZATIONNAME = "CBE User";
				TargetAttributes = {
					553A750A1EE1166D0065D744 = {
						CreatedOnToolsVersion = 8.3.2;
						DevelopmentTeam = TT9W6D3N85;
						ProvisioningStyle = Automatic;
					};
				};
			};
			buildConfigurationList = 553A75061EE1166D0065D744 /* Build configuration list for PBXProject "DreamLister" */;
			compatibilityVersion = "Xcode 3.2";
			developmentRegion = English;
			hasScannedForEncodings = 0;
			knownRegions = (
				en,
				Base,
			);
			mainGroup = 553A75021EE1166D0065D744;
			productRefGroup = 553A750C1EE1166D0065D744 /* Products */;
			projectDirPath = "";
			projectRoot = "";
			targets = (
				553A750A1EE1166D0065D744 /* DreamLister */,
			);
		};
/* End PBXProject section */

/* Begin PBXResourcesBuildPhase section */
		553A75091EE1166D0065D744 /* Resources */ = {
			isa = PBXResourcesBuildPhase;
			buildActionMask = 2147483647;
			files = (
				553A751C1EE1166D0065D744 /* LaunchScreen.storyboard in Resources */,
				553A75191EE1166D0065D744 /* Assets.xcassets in Resources */,
				553A75141EE1166D0065D744 /* Main.storyboard in Resources */,
			);
			runOnlyForDeploymentPostprocessing = 0;
		};
/* End PBXResourcesBuildPhase section */

/* Begin PBXSourcesBuildPhase section */
		553A75071EE1166D0065D744 /* Sources */ = {
			isa = PBXSourcesBuildPhase;
			buildActionMask = 2147483647;
			files = (
				553A75411EE11C680065D744 /* Item+CoreDataClass.swift in Sources */,
				553A753B1EE11C680065D744 /* ItemType+CoreDataClass.swift in Sources */,
				553A753C1EE11C680065D744 /* ItemType+CoreDataProperties.swift in Sources */,
				553A75471EE344870065D744 /* MaterialView.swift in Sources */,
				553A75111EE1166D0065D744 /* MainVC.swift in Sources */,
				553A753D1EE11C680065D744 /* Image+CoreDataClass.swift in Sources */,
				553A75401EE11C680065D744 /* Store+CoreDataProperties.swift in Sources */,
				553A750F1EE1166D0065D744 /* AppDelegate.swift in Sources */,
				553A753F1EE11C680065D744 /* Store+CoreDataClass.swift in Sources */,
				553A75171EE1166D0065D744 /* DreamLister.xcdatamodeld in Sources */,
				553A75421EE11C680065D744 /* Item+CoreDataProperties.swift in Sources */,
				553A753E1EE11C680065D744 /* Image+CoreDataProperties.swift in Sources */,
			);
			runOnlyForDeploymentPostprocessing = 0;
		};
/* End PBXSourcesBuildPhase section */

/* Begin PBXVariantGroup section */
		553A75121EE1166D0065D744 /* Main.storyboard */ = {
			isa = PBXVariantGroup;
			children = (
				553A75131EE1166D0065D744 /* Base */,
			);
			name = Main.storyboard;
			sourceTree = "<group>";
		};
		553A751A1EE1166D0065D744 /* LaunchScreen.storyboard */ = {
			isa = PBXVariantGroup;
			children = (
				553A751B1EE1166D0065D744 /* Base */,
			);
			name = LaunchScreen.storyboard;
			sourceTree = "<group>";
		};
/* End PBXVariantGroup section */

/* Begin XCBuildConfiguration section */
		553A751E1EE1166D0065D744 /* Debug */ = {
			isa = XCBuildConfiguration;
			buildSettings = {
				ALWAYS_SEARCH_USER_PATHS = NO;
				CLANG_ANALYZER_NONNULL = YES;
				CLANG_ANALYZER_NUMBER_OBJECT_CONVERSION = YES_AGGRESSIVE;
				CLANG_CXX_LANGUAGE_STANDARD = "gnu++0x";
				CLANG_CXX_LIBRARY = "libc++";
				CLANG_ENABLE_MODULES = YES;
				CLANG_ENABLE_OBJC_ARC = YES;
				CLANG_WARN_BOOL_CONVERSION = YES;
				CLANG_WARN_CONSTANT_CONVERSION = YES;
				CLANG_WARN_DIRECT_OBJC_ISA_USAGE = YES_ERROR;
				CLANG_WARN_DOCUMENTATION_COMMENTS = YES;
				CLANG_WARN_EMPTY_BODY = YES;
				CLANG_WARN_ENUM_CONVERSION = YES;
				CLANG_WARN_INFINITE_RECURSION = YES;
				CLANG_WARN_INT_CONVERSION = YES;
				CLANG_WARN_OBJC_ROOT_CLASS = YES_ERROR;
				CLANG_WARN_SUSPICIOUS_MOVE = YES;
				CLANG_WARN_UNREACHABLE_CODE = YES;
				CLANG_WARN__DUPLICATE_METHOD_MATCH = YES;
				"CODE_SIGN_IDENTITY[sdk=iphoneos*]" = "iPhone Developer";
				COPY_PHASE_STRIP = NO;
				DEBUG_INFORMATION_FORMAT = dwarf;
				ENABLE_STRICT_OBJC_MSGSEND = YES;
				ENABLE_TESTABILITY = YES;
				GCC_C_LANGUAGE_STANDARD = gnu99;
				GCC_DYNAMIC_NO_PIC = NO;
				GCC_NO_COMMON_BLOCKS = YES;
				GCC_OPTIMIZATION_LEVEL = 0;
				GCC_PREPROCESSOR_DEFINITIONS = (
					"DEBUG=1",
					"$(inherited)",
				);
				GCC_WARN_64_TO_32_BIT_CONVERSION = YES;
				GCC_WARN_ABOUT_RETURN_TYPE = YES_ERROR;
				GCC_WARN_UNDECLARED_SELECTOR = YES;
				GCC_WARN_UNINITIALIZED_AUTOS = YES_AGGRESSIVE;
				GCC_WARN_UNUSED_FUNCTION = YES;
				GCC_WARN_UNUSED_VARIABLE = YES;
				IPHONEOS_DEPLOYMENT_TARGET = 10.3;
				MTL_ENABLE_DEBUG_INFO = YES;
				ONLY_ACTIVE_ARCH = YES;
				SDKROOT = iphoneos;
				SWIFT_ACTIVE_COMPILATION_CONDITIONS = DEBUG;
				SWIFT_OPTIMIZATION_LEVEL = "-Onone";
				TARGETED_DEVICE_FAMILY = "1,2";
			};
			name = Debug;
		};
		553A751F1EE1166D0065D744 /* Release */ = {
			isa = XCBuildConfiguration;
			buildSettings = {
				ALWAYS_SEARCH_USER_PATHS = NO;
				CLANG_ANALYZER_NONNULL = YES;
				CLANG_ANALYZER_NUMBER_OBJECT_CONVERSION = YES_AGGRESSIVE;
				CLANG_CXX_LANGUAGE_STANDARD = "gnu++0x";
				CLANG_CXX_LIBRARY = "libc++";
				CLANG_ENABLE_MODULES = YES;
				CLANG_ENABLE_OBJC_ARC = YES;
				CLANG_WARN_BOOL_CONVERSION = YES;
				CLANG_WARN_CONSTANT_CONVERSION = YES;
				CLANG_WARN_DIRECT_OBJC_ISA_USAGE = YES_ERROR;
				CLANG_WARN_DOCUMENTATION_COMMENTS = YES;
				CLANG_WARN_EMPTY_BODY = YES;
				CLANG_WARN_ENUM_CONVERSION = YES;
				CLANG_WARN_INFINITE_RECURSION = YES;
				CLANG_WARN_INT_CONVERSION = YES;
				CLANG_WARN_OBJC_ROOT_CLASS = YES_ERROR;
				CLANG_WARN_SUSPICIOUS_MOVE = YES;
				CLANG_WARN_UNREACHABLE_CODE = YES;
				CLANG_WARN__DUPLICATE_METHOD_MATCH = YES;
				"CODE_SIGN_IDENTITY[sdk=iphoneos*]" = "iPhone Developer";
				COPY_PHASE_STRIP = NO;
				DEBUG_INFORMATION_FORMAT = "dwarf-with-dsym";
				ENABLE_NS_ASSERTIONS = NO;
				ENABLE_STRICT_OBJC_MSGSEND = YES;
				GCC_C_LANGUAGE_STANDARD = gnu99;
				GCC_NO_COMMON_BLOCKS = YES;
				GCC_WARN_64_TO_32_BIT_CONVERSION = YES;
				GCC_WARN_ABOUT_RETURN_TYPE = YES_ERROR;
				GCC_WARN_UNDECLARED_SELECTOR = YES;
				GCC_WARN_UNINITIALIZED_AUTOS = YES_AGGRESSIVE;
				GCC_WARN_UNUSED_FUNCTION = YES;
				GCC_WARN_UNUSED_VARIABLE = YES;
				IPHONEOS_DEPLOYMENT_TARGET = 10.3;
				MTL_ENABLE_DEBUG_INFO = NO;
				SDKROOT = iphoneos;
				SWIFT_OPTIMIZATION_LEVEL = "-Owholemodule";
				TARGETED_DEVICE_FAMILY = "1,2";
				VALIDATE_PRODUCT = YES;
			};
			name = Release;
		};
		553A75211EE1166D0065D744 /* Debug */ = {
			isa = XCBuildConfiguration;
			buildSettings = {
				ASSETCATALOG_COMPILER_APPICON_NAME = AppIcon;
				DEVELOPMENT_TEAM = TT9W6D3N85;
				INFOPLIST_FILE = DreamLister/Info.plist;
				LD_RUNPATH_SEARCH_PATHS = "$(inherited) @executable_path/Frameworks";
				PRODUCT_BUNDLE_IDENTIFIER = com.WhatDoesThisDo.DreamLister;
				PRODUCT_NAME = "$(TARGET_NAME)";
				SWIFT_VERSION = 3.0;
			};
			name = Debug;
		};
		553A75221EE1166D0065D744 /* Release */ = {
			isa = XCBuildConfiguration;
			buildSettings = {
				ASSETCATALOG_COMPILER_APPICON_NAME = AppIcon;
				DEVELOPMENT_TEAM = TT9W6D3N85;
				INFOPLIST_FILE = DreamLister/Info.plist;
				LD_RUNPATH_SEARCH_PATHS = "$(inherited) @executable_path/Frameworks";
				PRODUCT_BUNDLE_IDENTIFIER = com.WhatDoesThisDo.DreamLister;
				PRODUCT_NAME = "$(TARGET_NAME)";
				SWIFT_VERSION = 3.0;
			};
			name = Release;
		};
/* End XCBuildConfiguration section */

/* Begin XCConfigurationList section */
		553A75061EE1166D0065D744 /* Build configuration list for PBXProject "DreamLister" */ = {
			isa = XCConfigurationList;
			buildConfigurations = (
				553A751E1EE1166D0065D744 /* Debug */,
				553A751F1EE1166D0065D744 /* Release */,
			);
			defaultConfigurationIsVisible = 0;
			defaultConfigurationName = Release;
		};
		553A75201EE1166D0065D744 /* Build configuration list for PBXNativeTarget "DreamLister" */ = {
			isa = XCConfigurationList;
			buildConfigurations = (
				553A75211EE1166D0065D744 /* Debug */,
				553A75221EE1166D0065D744 /* Release */,
			);
			defaultConfigurationIsVisible = 0;
			defaultConfigurationName = Release;
		};
/* End XCConfigurationList section */

/* Begin XCVersionGroup section */
		553A75151EE1166D0065D744 /* DreamLister.xcdatamodeld */ = {
			isa = XCVersionGroup;
			children = (
				553A75161EE1166D0065D744 /* DreamLister.xcdatamodel */,
			);
			currentVersion = 553A75161EE1166D0065D744 /* DreamLister.xcdatamodel */;
			path = DreamLister.xcdatamodeld;
			sourceTree = "<group>";
			versionGroupType = wrapper.xcdatamodel;
		};
/* End XCVersionGroup section */
	};
	rootObject = 553A75031EE1166D0065D744 /* Project object */;
}
